// !$*UTF8*$!
{
	archiveVersion = 1;
	classes = {
	};
	objectVersion = 55;
	objects = {

/* Begin PBXBuildFile section */
		1FA5F59527514A4A000C51CC /* AppDelegate.swift in Sources */ = {isa = PBXBuildFile; fileRef = 1FA5F59427514A4A000C51CC /* AppDelegate.swift */; };
		1FA5F59727514A4A000C51CC /* SceneDelegate.swift in Sources */ = {isa = PBXBuildFile; fileRef = 1FA5F59627514A4A000C51CC /* SceneDelegate.swift */; };
		1FA5F59927514A4A000C51CC /* ViewController.swift in Sources */ = {isa = PBXBuildFile; fileRef = 1FA5F59827514A4A000C51CC /* ViewController.swift */; };
		1FA5F59C27514A4A000C51CC /* Main.storyboard in Resources */ = {isa = PBXBuildFile; fileRef = 1FA5F59A27514A4A000C51CC /* Main.storyboard */; };
		1FA5F59E27514A4D000C51CC /* Assets.xcassets in Resources */ = {isa = PBXBuildFile; fileRef = 1FA5F59D27514A4D000C51CC /* Assets.xcassets */; };
		1FA5F5A127514A4D000C51CC /* LaunchScreen.storyboard in Resources */ = {isa = PBXBuildFile; fileRef = 1FA5F59F27514A4D000C51CC /* LaunchScreen.storyboard */; };
		1FA5F5AF27514EB2000C51CC /* SettingsHeaderCell.swift in Sources */ = {isa = PBXBuildFile; fileRef = 1FA5F5AD27514EB2000C51CC /* SettingsHeaderCell.swift */; };
		1FA5F5B027514EB2000C51CC /* SettingsHeaderCell.xib in Resources */ = {isa = PBXBuildFile; fileRef = 1FA5F5AE27514EB2000C51CC /* SettingsHeaderCell.xib */; };
		1FA5F5B2275150E5000C51CC /* Setting.swift in Sources */ = {isa = PBXBuildFile; fileRef = 1FA5F5B1275150E5000C51CC /* Setting.swift */; };
		1FA5F5B427515123000C51CC /* SettingViewModel.swift in Sources */ = {isa = PBXBuildFile; fileRef = 1FA5F5B327515123000C51CC /* SettingViewModel.swift */; };
/* End PBXBuildFile section */

/* Begin PBXFileReference section */
		1FA5F59127514A4A000C51CC /* TableViewHeaderDemo.app */ = {isa = PBXFileReference; explicitFileType = wrapper.application; includeInIndex = 0; path = TableViewHeaderDemo.app; sourceTree = BUILT_PRODUCTS_DIR; };
		1FA5F59427514A4A000C51CC /* AppDelegate.swift */ = {isa = PBXFileReference; lastKnownFileType = sourcecode.swift; path = AppDelegate.swift; sourceTree = "<group>"; };
		1FA5F59627514A4A000C51CC /* SceneDelegate.swift */ = {isa = PBXFileReference; lastKnownFileType = sourcecode.swift; path = SceneDelegate.swift; sourceTree = "<group>"; };
		1FA5F59827514A4A000C51CC /* ViewController.swift */ = {isa = PBXFileReference; lastKnownFileType = sourcecode.swift; path = ViewController.swift; sourceTree = "<group>"; };
		1FA5F59B27514A4A000C51CC /* Base */ = {isa = PBXFileReference; lastKnownFileType = file.storyboard; name = Base; path = Base.lproj/Main.storyboard; sourceTree = "<group>"; };
		1FA5F59D27514A4D000C51CC /* Assets.xcassets */ = {isa = PBXFileReference; lastKnownFileType = folder.assetcatalog; path = Assets.xcassets; sourceTree = "<group>"; };
		1FA5F5A027514A4D000C51CC /* Base */ = {isa = PBXFileReference; lastKnownFileType = file.storyboard; name = Base; path = Base.lproj/LaunchScreen.storyboard; sourceTree = "<group>"; };
		1FA5F5A227514A4D000C51CC /* Info.plist */ = {isa = PBXFileReference; lastKnownFileType = text.plist.xml; path = Info.plist; sourceTree = "<group>"; };
		1FA5F5AD27514EB2000C51CC /* SettingsHeaderCell.swift */ = {isa = PBXFileReference; lastKnownFileType = sourcecode.swift; path = SettingsHeaderCell.swift; sourceTree = "<group>"; };
		1FA5F5AE27514EB2000C51CC /* SettingsHeaderCell.xib */ = {isa = PBXFileReference; lastKnownFileType = file.xib; path = SettingsHeaderCell.xib; sourceTree = "<group>"; };
		1FA5F5B1275150E5000C51CC /* Setting.swift */ = {isa = PBXFileReference; lastKnownFileType = sourcecode.swift; path = Setting.swift; sourceTree = "<group>"; };
		1FA5F5B327515123000C51CC /* SettingViewModel.swift */ = {isa = PBXFileReference; lastKnownFileType = sourcecode.swift; path = SettingViewModel.swift; sourceTree = "<group>"; };
/* End PBXFileReference section */

/* Begin PBXFrameworksBuildPhase section */
		1FA5F58E27514A4A000C51CC /* Frameworks */ = {
			isa = PBXFrameworksBuildPhase;
			buildActionMask = 2147483647;
			files = (
			);
			runOnlyForDeploymentPostprocessing = 0;
		};
/* End PBXFrameworksBuildPhase section */

/* Begin PBXGroup section */
		1FA5F58827514A49000C51CC = {
			isa = PBXGroup;
			children = (
				1FA5F59327514A4A000C51CC /* TableViewHeaderDemo */,
				1FA5F59227514A4A000C51CC /* Products */,
			);
			sourceTree = "<group>";
		};
		1FA5F59227514A4A000C51CC /* Products */ = {
			isa = PBXGroup;
			children = (
				1FA5F59127514A4A000C51CC /* TableViewHeaderDemo.app */,
			);
			name = Products;
			sourceTree = "<group>";
		};
		1FA5F59327514A4A000C51CC /* TableViewHeaderDemo */ = {
			isa = PBXGroup;
			children = (
				1FA5F5AC27514E85000C51CC /* Extensions */,
				1FA5F5AB27514D6B000C51CC /* CustomCells */,
				1FA5F5AA27514D4A000C51CC /* Controller */,
				1FA5F5A927514D42000C51CC /* ViewModel */,
				1FA5F5A827514D3A000C51CC /* Model */,
				1FA5F59427514A4A000C51CC /* AppDelegate.swift */,
				1FA5F59627514A4A000C51CC /* SceneDelegate.swift */,
				1FA5F59A27514A4A000C51CC /* Main.storyboard */,
				1FA5F59D27514A4D000C51CC /* Assets.xcassets */,
				1FA5F59F27514A4D000C51CC /* LaunchScreen.storyboard */,
				1FA5F5A227514A4D000C51CC /* Info.plist */,
			);
			path = TableViewHeaderDemo;
			sourceTree = "<group>";
		};
		1FA5F5A827514D3A000C51CC /* Model */ = {
			isa = PBXGroup;
			children = (
				1FA5F5B1275150E5000C51CC /* Setting.swift */,
			);
			path = Model;
			sourceTree = "<group>";
		};
		1FA5F5A927514D42000C51CC /* ViewModel */ = {
			isa = PBXGroup;
			children = (
				1FA5F5B327515123000C51CC /* SettingViewModel.swift */,
			);
			path = ViewModel;
			sourceTree = "<group>";
		};
		1FA5F5AA27514D4A000C51CC /* Controller */ = {
			isa = PBXGroup;
			children = (
				1FA5F59827514A4A000C51CC /* ViewController.swift */,
			);
			path = Controller;
			sourceTree = "<group>";
		};
		1FA5F5AB27514D6B000C51CC /* CustomCells */ = {
			isa = PBXGroup;
			children = (
				1FA5F5AD27514EB2000C51CC /* SettingsHeaderCell.swift */,
				1FA5F5AE27514EB2000C51CC /* SettingsHeaderCell.xib */,
			);
			path = CustomCells;
			sourceTree = "<group>";
		};
		1FA5F5AC27514E85000C51CC /* Extensions */ = {
			isa = PBXGroup;
			children = (
			);
			path = Extensions;
			sourceTree = "<group>";
		};
/* End PBXGroup section */

/* Begin PBXNativeTarget section */
		1FA5F59027514A4A000C51CC /* TableViewHeaderDemo */ = {
			isa = PBXNativeTarget;
			buildConfigurationList = 1FA5F5A527514A4D000C51CC /* Build configuration list for PBXNativeTarget "TableViewHeaderDemo" */;
			buildPhases = (
				1FA5F58D27514A4A000C51CC /* Sources */,
				1FA5F58E27514A4A000C51CC /* Frameworks */,
				1FA5F58F27514A4A000C51CC /* Resources */,
			);
			buildRules = (
			);
			dependencies = (
			);
			name = TableViewHeaderDemo;
			productName = TableViewHeaderDemo;
			productReference = 1FA5F59127514A4A000C51CC /* TableViewHeaderDemo.app */;
			productType = "com.apple.product-type.application";
		};
/* End PBXNativeTarget section */

/* Begin PBXProject section */
		1FA5F58927514A49000C51CC /* Project object */ = {
			isa = PBXProject;
			attributes = {
				BuildIndependentTargetsInParallel = 1;
				LastSwiftUpdateCheck = 1310;
				LastUpgradeCheck = 1310;
				TargetAttributes = {
					1FA5F59027514A4A000C51CC = {
						CreatedOnToolsVersion = 13.1;
					};
				};
			};
			buildConfigurationList = 1FA5F58C27514A49000C51CC /* Build configuration list for PBXProject "TableViewHeaderDemo" */;
			compatibilityVersion = "Xcode 13.0";
			developmentRegion = en;
			hasScannedForEncodings = 0;
			knownRegions = (
				en,
				Base,
			);
			mainGroup = 1FA5F58827514A49000C51CC;
			productRefGroup = 1FA5F59227514A4A000C51CC /* Products */;
			projectDirPath = "";
			projectRoot = "";
			targets = (
				1FA5F59027514A4A000C51CC /* TableViewHeaderDemo */,
			);
		};
/* End PBXProject section */

/* Begin PBXResourcesBuildPhase section */
		1FA5F58F27514A4A000C51CC /* Resources */ = {
			isa = PBXResourcesBuildPhase;
			buildActionMask = 2147483647;
			files = (
				1FA5F5A127514A4D000C51CC /* LaunchScreen.storyboard in Resources */,
				1FA5F5B027514EB2000C51CC /* SettingsHeaderCell.xib in Resources */,
				1FA5F59E27514A4D000C51CC /* Assets.xcassets in Resources */,
				1FA5F59C27514A4A000C51CC /* Main.storyboard in Resources */,
			);
			runOnlyForDeploymentPostprocessing = 0;
		};
/* End PBXResourcesBuildPhase section */

/* Begin PBXSourcesBuildPhase section */
		1FA5F58D27514A4A000C51CC /* Sources */ = {
			isa = PBXSourcesBuildPhase;
			buildActionMask = 2147483647;
			files = (
				1FA5F5B2275150E5000C51CC /* Setting.swift in Sources */,
				1FA5F5B427515123000C51CC /* SettingViewModel.swift in Sources */,
				1FA5F59927514A4A000C51CC /* ViewController.swift in Sources */,
				1FA5F5AF27514EB2000C51CC /* SettingsHeaderCell.swift in Sources */,
				1FA5F59527514A4A000C51CC /* AppDelegate.swift in Sources */,
				1FA5F59727514A4A000C51CC /* SceneDelegate.swift in Sources */,
			);
			runOnlyForDeploymentPostprocessing = 0;
		};
/* End PBXSourcesBuildPhase section */

/* Begin PBXVariantGroup section */
		1FA5F59A27514A4A000C51CC /* Main.storyboard */ = {
			isa = PBXVariantGroup;
			children = (
				1FA5F59B27514A4A000C51CC /* Base */,
			);
			name = Main.storyboard;
			sourceTree = "<group>";
		};
		1FA5F59F27514A4D000C51CC /* LaunchScreen.storyboard */ = {
			isa = PBXVariantGroup;
			children = (
				1FA5F5A027514A4D000C51CC /* Base */,
			);
			name = LaunchScreen.storyboard;
			sourceTree = "<group>";
		};
/* End PBXVariantGroup section */

/* Begin XCBuildConfiguration section */
		1FA5F5A327514A4D000C51CC /* Debug */ = {
			isa = XCBuildConfiguration;
			buildSettings = {
				ALWAYS_SEARCH_USER_PATHS = NO;
				CLANG_ANALYZER_NONNULL = YES;
				CLANG_ANALYZER_NUMBER_OBJECT_CONVERSION = YES_AGGRESSIVE;
				CLANG_CXX_LANGUAGE_STANDARD = "gnu++17";
				CLANG_CXX_LIBRARY = "libc++";
				CLANG_ENABLE_MODULES = YES;
				CLANG_ENABLE_OBJC_ARC = YES;
				CLANG_ENABLE_OBJC_WEAK = YES;
				CLANG_WARN_BLOCK_CAPTURE_AUTORELEASING = YES;
				CLANG_WARN_BOOL_CONVERSION = YES;
				CLANG_WARN_COMMA = YES;
				CLANG_WARN_CONSTANT_CONVERSION = YES;
				CLANG_WARN_DEPRECATED_OBJC_IMPLEMENTATIONS = YES;
				CLANG_WARN_DIRECT_OBJC_ISA_USAGE = YES_ERROR;
				CLANG_WARN_DOCUMENTATION_COMMENTS = YES;
				CLANG_WARN_EMPTY_BODY = YES;
				CLANG_WARN_ENUM_CONVERSION = YES;
				CLANG_WARN_INFINITE_RECURSION = YES;
				CLANG_WARN_INT_CONVERSION = YES;
				CLANG_WARN_NON_LITERAL_NULL_CONVERSION = YES;
				CLANG_WARN_OBJC_IMPLICIT_RETAIN_SELF = YES;
				CLANG_WARN_OBJC_LITERAL_CONVERSION = YES;
				CLANG_WARN_OBJC_ROOT_CLASS = YES_ERROR;
				CLANG_WARN_QUOTED_INCLUDE_IN_FRAMEWORK_HEADER = YES;
				CLANG_WARN_RANGE_LOOP_ANALYSIS = YES;
				CLANG_WARN_STRICT_PROTOTYPES = YES;
				CLANG_WARN_SUSPICIOUS_MOVE = YES;
				CLANG_WARN_UNGUARDED_AVAILABILITY = YES_AGGRESSIVE;
				CLANG_WARN_UNREACHABLE_CODE = YES;
				CLANG_WARN__DUPLICATE_METHOD_MATCH = YES;
				COPY_PHASE_STRIP = NO;
				DEBUG_INFORMATION_FORMAT = dwarf;
				ENABLE_STRICT_OBJC_MSGSEND = YES;
				ENABLE_TESTABILITY = YES;
				GCC_C_LANGUAGE_STANDARD = gnu11;
				GCC_DYNAMIC_NO_PIC = NO;
				GCC_NO_COMMON_BLOCKS = YES;
				GCC_OPTIMIZATION_LEVEL = 0;
				GCC_PREPROCESSOR_DEFINITIONS = (
					"DEBUG=1",
					"$(inherited)",
				);
				GCC_WARN_64_TO_32_BIT_CONVERSION = YES;
				GCC_WARN_ABOUT_RETURN_TYPE = YES_ERROR;
				GCC_WARN_UNDECLARED_SELECTOR = YES;
				GCC_WARN_UNINITIALIZED_AUTOS = YES_AGGRESSIVE;
				GCC_WARN_UNUSED_FUNCTION = YES;
				GCC_WARN_UNUSED_VARIABLE = YES;
				IPHONEOS_DEPLOYMENT_TARGET = 15.0;
				MTL_ENABLE_DEBUG_INFO = INCLUDE_SOURCE;
				MTL_FAST_MATH = YES;
				ONLY_ACTIVE_ARCH = YES;
				SDKROOT = iphoneos;
				SWIFT_ACTIVE_COMPILATION_CONDITIONS = DEBUG;
				SWIFT_OPTIMIZATION_LEVEL = "-Onone";
			};
			name = Debug;
		};
		1FA5F5A427514A4D000C51CC /* Release */ = {
			isa = XCBuildConfiguration;
			buildSettings = {
				ALWAYS_SEARCH_USER_PATHS = NO;
				CLANG_ANALYZER_NONNULL = YES;
				CLANG_ANALYZER_NUMBER_OBJECT_CONVERSION = YES_AGGRESSIVE;
				CLANG_CXX_LANGUAGE_STANDARD = "gnu++17";
				CLANG_CXX_LIBRARY = "libc++";
				CLANG_ENABLE_MODULES = YES;
				CLANG_ENABLE_OBJC_ARC = YES;
				CLANG_ENABLE_OBJC_WEAK = YES;
				CLANG_WARN_BLOCK_CAPTURE_AUTORELEASING = YES;
				CLANG_WARN_BOOL_CONVERSION = YES;
				CLANG_WARN_COMMA = YES;
				CLANG_WARN_CONSTANT_CONVERSION = YES;
				CLANG_WARN_DEPRECATED_OBJC_IMPLEMENTATIONS = YES;
				CLANG_WARN_DIRECT_OBJC_ISA_USAGE = YES_ERROR;
				CLANG_WARN_DOCUMENTATION_COMMENTS = YES;
				CLANG_WARN_EMPTY_BODY = YES;
				CLANG_WARN_ENUM_CONVERSION = YES;
				CLANG_WARN_INFINITE_RECURSION = YES;
				CLANG_WARN_INT_CONVERSION = YES;
				CLANG_WARN_NON_LITERAL_NULL_CONVERSION = YES;
				CLANG_WARN_OBJC_IMPLICIT_RETAIN_SELF = YES;
				CLANG_WARN_OBJC_LITERAL_CONVERSION = YES;
				CLANG_WARN_OBJC_ROOT_CLASS = YES_ERROR;
				CLANG_WARN_QUOTED_INCLUDE_IN_FRAMEWORK_HEADER = YES;
				CLANG_WARN_RANGE_LOOP_ANALYSIS = YES;
				CLANG_WARN_STRICT_PROTOTYPES = YES;
				CLANG_WARN_SUSPICIOUS_MOVE = YES;
				CLANG_WARN_UNGUARDED_AVAILABILITY = YES_AGGRESSIVE;
				CLANG_WARN_UNREACHABLE_CODE = YES;
				CLANG_WARN__DUPLICATE_METHOD_MATCH = YES;
				COPY_PHASE_STRIP = NO;
				DEBUG_INFORMATION_FORMAT = "dwarf-with-dsym";
				ENABLE_NS_ASSERTIONS = NO;
				ENABLE_STRICT_OBJC_MSGSEND = YES;
				GCC_C_LANGUAGE_STANDARD = gnu11;
				GCC_NO_COMMON_BLOCKS = YES;
				GCC_WARN_64_TO_32_BIT_CONVERSION = YES;
				GCC_WARN_ABOUT_RETURN_TYPE = YES_ERROR;
				GCC_WARN_UNDECLARED_SELECTOR = YES;
				GCC_WARN_UNINITIALIZED_AUTOS = YES_AGGRESSIVE;
				GCC_WARN_UNUSED_FUNCTION = YES;
				GCC_WARN_UNUSED_VARIABLE = YES;
				IPHONEOS_DEPLOYMENT_TARGET = 15.0;
				MTL_ENABLE_DEBUG_INFO = NO;
				MTL_FAST_MATH = YES;
				SDKROOT = iphoneos;
				SWIFT_COMPILATION_MODE = wholemodule;
				SWIFT_OPTIMIZATION_LEVEL = "-O";
				VALIDATE_PRODUCT = YES;
			};
			name = Release;
		};
		1FA5F5A627514A4D000C51CC /* Debug */ = {
			isa = XCBuildConfiguration;
			buildSettings = {
				ASSETCATALOG_COMPILER_APPICON_NAME = AppIcon;
				ASSETCATALOG_COMPILER_GLOBAL_ACCENT_COLOR_NAME = AccentColor;
				CODE_SIGN_STYLE = Automatic;
				CURRENT_PROJECT_VERSION = 1;
				DEVELOPMENT_TEAM = 5828EJ5HNE;
				GENERATE_INFOPLIST_FILE = YES;
				INFOPLIST_FILE = TableViewHeaderDemo/Info.plist;
				INFOPLIST_KEY_UIApplicationSupportsIndirectInputEvents = YES;
				INFOPLIST_KEY_UILaunchStoryboardName = LaunchScreen;
				INFOPLIST_KEY_UIMainStoryboardFile = Main;
				INFOPLIST_KEY_UISupportedInterfaceOrientations_iPad = "UIInterfaceOrientationPortrait UIInterfaceOrientationPortraitUpsideDown UIInterfaceOrientationLandscapeLeft UIInterfaceOrientationLandscapeRight";
				INFOPLIST_KEY_UISupportedInterfaceOrientations_iPhone = "UIInterfaceOrientationPortrait UIInterfaceOrientationLandscapeLeft UIInterfaceOrientationLandscapeRight";
				LD_RUNPATH_SEARCH_PATHS = (
					"$(inherited)",
					"@executable_path/Frameworks",
				);
				MARKETING_VERSION = 1.0;
				PRODUCT_BUNDLE_IDENTIFIER = com.ganesh.TableViewHeaderDemo;
				PRODUCT_NAME = "$(TARGET_NAME)";
				SWIFT_EMIT_LOC_STRINGS = YES;
				SWIFT_VERSION = 5.0;
				TARGETED_DEVICE_FAMILY = "1,2";
			};
			name = Debug;
		};
		1FA5F5A727514A4D000C51CC /* Release */ = {
			isa = XCBuildConfiguration;
			buildSettings = {
				ASSETCATALOG_COMPILER_APPICON_NAME = AppIcon;
				ASSETCATALOG_COMPILER_GLOBAL_ACCENT_COLOR_NAME = AccentColor;
				CODE_SIGN_STYLE = Automatic;
				CURRENT_PROJECT_VERSION = 1;
				DEVELOPMENT_TEAM = 5828EJ5HNE;
				GENERATE_INFOPLIST_FILE = YES;
				INFOPLIST_FILE = TableViewHeaderDemo/Info.plist;
				INFOPLIST_KEY_UIApplicationSupportsIndirectInputEvents = YES;
				INFOPLIST_KEY_UILaunchStoryboardName = LaunchScreen;
				INFOPLIST_KEY_UIMainStoryboardFile = Main;
				INFOPLIST_KEY_UISupportedInterfaceOrientations_iPad = "UIInterfaceOrientationPortrait UIInterfaceOrientationPortraitUpsideDown UIInterfaceOrientationLandscapeLeft UIInterfaceOrientationLandscapeRight";
				INFOPLIST_KEY_UISupportedInterfaceOrientations_iPhone = "UIInterfaceOrientationPortrait UIInterfaceOrientationLandscapeLeft UIInterfaceOrientationLandscapeRight";
				LD_RUNPATH_SEARCH_PATHS = (
					"$(inherited)",
					"@executable_path/Frameworks",
				);
				MARKETING_VERSION = 1.0;
				PRODUCT_BUNDLE_IDENTIFIER = com.ganesh.TableViewHeaderDemo;
				PRODUCT_NAME = "$(TARGET_NAME)";
				SWIFT_EMIT_LOC_STRINGS = YES;
				SWIFT_VERSION = 5.0;
				TARGETED_DEVICE_FAMILY = "1,2";
			};
			name = Release;
		};
/* End XCBuildConfiguration section */

/* Begin XCConfigurationList section */
		1FA5F58C27514A49000C51CC /* Build configuration list for PBXProject "TableViewHeaderDemo" */ = {
			isa = XCConfigurationList;
			buildConfigurations = (
				1FA5F5A327514A4D000C51CC /* Debug */,
				1FA5F5A427514A4D000C51CC /* Release */,
			);
			defaultConfigurationIsVisible = 0;
			defaultConfigurationName = Release;
		};
		1FA5F5A527514A4D000C51CC /* Build configuration list for PBXNativeTarget "TableViewHeaderDemo" */ = {
			isa = XCConfigurationList;
			buildConfigurations = (
				1FA5F5A627514A4D000C51CC /* Debug */,
				1FA5F5A727514A4D000C51CC /* Release */,
			);
			defaultConfigurationIsVisible = 0;
			defaultConfigurationName = Release;
		};
/* End XCConfigurationList section */
	};
	rootObject = 1FA5F58927514A49000C51CC /* Project object */;
}
